{
  "name": "react-native-wechat-lib",
  "version": "1.0.0",
  "lockfileVersion": 1,
  "requires": true,
  "dependencies": {
    "events": {
      "version": "1.0.1",
      "resolved": "http://registry.npmjs.org/events/-/events-1.0.1.tgz",
      "integrity": "sha512-Ee2RsyA5p9FyGVnVvbb1j7VKg+ezi6IOcgis2crSNo1V7S/M0eUnMABobd/fRhm6L3p/jGhPJzDFQDRpYw3O+g=="
    }
  }
}
